
Microsoft Visual Studio Solution File, Format Version 12.00
# Visual Studio Version 17
VisualStudioVersion = 17.13.35919.96 d17.13
MinimumVisualStudioVersion = 10.0.40219.1
Project("{FAE04EC0-301F-11D3-BF4B-00C04F79EFBC}") = "EXAMEN2_RobertoManosalvas", "EXAMEN2_RobertoManosalvas\EXAMEN2_RobertoManosalvas.csproj", "{4C351097-B22B-45EC-8606-253508947CFF}"
EndProject
Global
	GlobalSection(SolutionConfigurationPlatforms) = preSolution
		Debug|Any CPU = Debug|Any CPU
		Release|Any CPU = Release|Any CPU
	EndGlobalSection
	GlobalSection(ProjectConfigurationPlatforms) = postSolution
		{4C351097-B22B-45EC-8606-253508947CFF}.Debug|Any CPU.ActiveCfg = Debug|Any CPU
		{4C351097-B22B-45EC-8606-253508947CFF}.Debug|Any CPU.Build.0 = Debug|Any CPU
		{4C351097-B22B-45EC-8606-253508947CFF}.Release|Any CPU.ActiveCfg = Release|Any CPU
		{4C351097-B22B-45EC-8606-253508947CFF}.Release|Any CPU.Build.0 = Release|Any CPU
	EndGlobalSection
	GlobalSection(SolutionProperties) = preSolution
		HideSolutionNode = FALSE
	EndGlobalSection
	GlobalSection(ExtensibilityGlobals) = postSolution
		SolutionGuid = {8BDB13C8-B31B-4D64-8EE6-974EDB23BE70}
	EndGlobalSection
EndGlobal
